
Microsoft Visual Studio Solution File, Format Version 12.00
# Visual Studio 14
VisualStudioVersion = 14.0.23107.0
MinimumVisualStudioVersion = 10.0.40219.1
Project("{FAE04EC0-301F-11D3-BF4B-00C04F79EFBC}") = "prac6task1", "prac6task1.csproj", "{198E6B45-0E88-475C-8E8B-E15B12EDB536}"
EndProject
Global
	GlobalSection(SolutionConfigurationPlatforms) = preSolution
		Debug|Any CPU = Debug|Any CPU
		Release|Any CPU = Release|Any CPU
	EndGlobalSection
	GlobalSection(ProjectConfigurationPlatforms) = postSolution
		{198E6B45-0E88-475C-8E8B-E15B12EDB536}.Debug|Any CPU.ActiveCfg = Debug|Any CPU
		{198E6B45-0E88-475C-8E8B-E15B12EDB536}.Debug|Any CPU.Build.0 = Debug|Any CPU
		{198E6B45-0E88-475C-8E8B-E15B12EDB536}.Release|Any CPU.ActiveCfg = Release|Any CPU
		{198E6B45-0E88-475C-8E8B-E15B12EDB536}.Release|Any CPU.Build.0 = Release|Any CPU
	EndGlobalSection
	GlobalSection(SolutionProperties) = preSolution
		HideSolutionNode = FALSE
	EndGlobalSection
EndGlobal
